// !$*UTF8*$!
{
	archiveVersion = 1;
	classes = {
	};
	objectVersion = 56;
	objects = {

/* Begin PBXBuildFile section */
		8ED5B1428785F58C29CCB117 /* Pods_HWlesson35.framework in Frameworks */ = {isa = PBXBuildFile; fileRef = C47D36002F7657EF0DEE7C33 /* Pods_HWlesson35.framework */; };
		A7E725432C03CF51002FFDD4 /* AppDelegate.swift in Sources */ = {isa = PBXBuildFile; fileRef = A7E725422C03CF51002FFDD4 /* AppDelegate.swift */; };
		A7E725452C03CF51002FFDD4 /* SceneDelegate.swift in Sources */ = {isa = PBXBuildFile; fileRef = A7E725442C03CF51002FFDD4 /* SceneDelegate.swift */; };
		A7E725472C03CF51002FFDD4 /* ViewController.swift in Sources */ = {isa = PBXBuildFile; fileRef = A7E725462C03CF51002FFDD4 /* ViewController.swift */; };
		A7E7254A2C03CF51002FFDD4 /* Base in Resources */ = {isa = PBXBuildFile; fileRef = A7E725492C03CF51002FFDD4 /* Base */; };
		A7E7254C2C03CF52002FFDD4 /* Assets.xcassets in Resources */ = {isa = PBXBuildFile; fileRef = A7E7254B2C03CF52002FFDD4 /* Assets.xcassets */; };
		A7E7254F2C03CF52002FFDD4 /* Base in Resources */ = {isa = PBXBuildFile; fileRef = A7E7254E2C03CF52002FFDD4 /* Base */; };
		A7E725592C03D2DC002FFDD4 /* ViewModel.swift in Sources */ = {isa = PBXBuildFile; fileRef = A7E725582C03D2DC002FFDD4 /* ViewModel.swift */; };
/* End PBXBuildFile section */

/* Begin PBXFileReference section */
		2C9016372941FCB2689DB6A1 /* Pods-HWlesson35.debug.xcconfig */ = {isa = PBXFileReference; includeInIndex = 1; lastKnownFileType = text.xcconfig; name = "Pods-HWlesson35.debug.xcconfig"; path = "Target Support Files/Pods-HWlesson35/Pods-HWlesson35.debug.xcconfig"; sourceTree = "<group>"; };
		A7E7253F2C03CF51002FFDD4 /* HWlesson35.app */ = {isa = PBXFileReference; explicitFileType = wrapper.application; includeInIndex = 0; path = HWlesson35.app; sourceTree = BUILT_PRODUCTS_DIR; };
		A7E725422C03CF51002FFDD4 /* AppDelegate.swift */ = {isa = PBXFileReference; lastKnownFileType = sourcecode.swift; path = AppDelegate.swift; sourceTree = "<group>"; };
		A7E725442C03CF51002FFDD4 /* SceneDelegate.swift */ = {isa = PBXFileReference; lastKnownFileType = sourcecode.swift; path = SceneDelegate.swift; sourceTree = "<group>"; };
		A7E725462C03CF51002FFDD4 /* ViewController.swift */ = {isa = PBXFileReference; lastKnownFileType = sourcecode.swift; path = ViewController.swift; sourceTree = "<group>"; };
		A7E725492C03CF51002FFDD4 /* Base */ = {isa = PBXFileReference; lastKnownFileType = file.storyboard; name = Base; path = Base.lproj/Main.storyboard; sourceTree = "<group>"; };
		A7E7254B2C03CF52002FFDD4 /* Assets.xcassets */ = {isa = PBXFileReference; lastKnownFileType = folder.assetcatalog; path = Assets.xcassets; sourceTree = "<group>"; };
		A7E7254E2C03CF52002FFDD4 /* Base */ = {isa = PBXFileReference; lastKnownFileType = file.storyboard; name = Base; path = Base.lproj/LaunchScreen.storyboard; sourceTree = "<group>"; };
		A7E725502C03CF52002FFDD4 /* Info.plist */ = {isa = PBXFileReference; lastKnownFileType = text.plist.xml; path = Info.plist; sourceTree = "<group>"; };
		A7E725582C03D2DC002FFDD4 /* ViewModel.swift */ = {isa = PBXFileReference; lastKnownFileType = sourcecode.swift; path = ViewModel.swift; sourceTree = "<group>"; };
		B02F0369F988C203DC119336 /* Pods-HWlesson35.release.xcconfig */ = {isa = PBXFileReference; includeInIndex = 1; lastKnownFileType = text.xcconfig; name = "Pods-HWlesson35.release.xcconfig"; path = "Target Support Files/Pods-HWlesson35/Pods-HWlesson35.release.xcconfig"; sourceTree = "<group>"; };
		C47D36002F7657EF0DEE7C33 /* Pods_HWlesson35.framework */ = {isa = PBXFileReference; explicitFileType = wrapper.framework; includeInIndex = 0; path = Pods_HWlesson35.framework; sourceTree = BUILT_PRODUCTS_DIR; };
/* End PBXFileReference section */

/* Begin PBXFrameworksBuildPhase section */
		A7E7253C2C03CF51002FFDD4 /* Frameworks */ = {
			isa = PBXFrameworksBuildPhase;
			buildActionMask = 2147483647;
			files = (
				8ED5B1428785F58C29CCB117 /* Pods_HWlesson35.framework in Frameworks */,
			);
			runOnlyForDeploymentPostprocessing = 0;
		};
/* End PBXFrameworksBuildPhase section */

/* Begin PBXGroup section */
		4D1B1C4C73F530276FE71176 /* Pods */ = {
			isa = PBXGroup;
			children = (
				2C9016372941FCB2689DB6A1 /* Pods-HWlesson35.debug.xcconfig */,
				B02F0369F988C203DC119336 /* Pods-HWlesson35.release.xcconfig */,
			);
			path = Pods;
			sourceTree = "<group>";
		};
		A7E725362C03CF51002FFDD4 = {
			isa = PBXGroup;
			children = (
				A7E725412C03CF51002FFDD4 /* HWlesson35 */,
				A7E725402C03CF51002FFDD4 /* Products */,
				4D1B1C4C73F530276FE71176 /* Pods */,
				ED79B3E490F531416FCA2177 /* Frameworks */,
			);
			sourceTree = "<group>";
		};
		A7E725402C03CF51002FFDD4 /* Products */ = {
			isa = PBXGroup;
			children = (
				A7E7253F2C03CF51002FFDD4 /* HWlesson35.app */,
			);
			name = Products;
			sourceTree = "<group>";
		};
		A7E725412C03CF51002FFDD4 /* HWlesson35 */ = {
			isa = PBXGroup;
			children = (
				A7E725422C03CF51002FFDD4 /* AppDelegate.swift */,
				A7E725442C03CF51002FFDD4 /* SceneDelegate.swift */,
				A7E725582C03D2DC002FFDD4 /* ViewModel.swift */,
				A7E725462C03CF51002FFDD4 /* ViewController.swift */,
				A7E725482C03CF51002FFDD4 /* Main.storyboard */,
				A7E7254B2C03CF52002FFDD4 /* Assets.xcassets */,
				A7E7254D2C03CF52002FFDD4 /* LaunchScreen.storyboard */,
				A7E725502C03CF52002FFDD4 /* Info.plist */,
			);
			path = HWlesson35;
			sourceTree = "<group>";
		};
		ED79B3E490F531416FCA2177 /* Frameworks */ = {
			isa = PBXGroup;
			children = (
				C47D36002F7657EF0DEE7C33 /* Pods_HWlesson35.framework */,
			);
			name = Frameworks;
			sourceTree = "<group>";
		};
/* End PBXGroup section */

/* Begin PBXNativeTarget section */
		A7E7253E2C03CF51002FFDD4 /* HWlesson35 */ = {
			isa = PBXNativeTarget;
			buildConfigurationList = A7E725532C03CF52002FFDD4 /* Build configuration list for PBXNativeTarget "HWlesson35" */;
			buildPhases = (
				1A83807630CF2E5A5810089C /* [CP] Check Pods Manifest.lock */,
				A7E7253B2C03CF51002FFDD4 /* Sources */,
				A7E7253C2C03CF51002FFDD4 /* Frameworks */,
				A7E7253D2C03CF51002FFDD4 /* Resources */,
				BD28E159A2A489C95C14A1DA /* [CP] Embed Pods Frameworks */,
			);
			buildRules = (
			);
			dependencies = (
			);
			name = HWlesson35;
			productName = HWlesson35;
			productReference = A7E7253F2C03CF51002FFDD4 /* HWlesson35.app */;
			productType = "com.apple.product-type.application";
		};
/* End PBXNativeTarget section */

/* Begin PBXProject section */
		A7E725372C03CF51002FFDD4 /* Project object */ = {
			isa = PBXProject;
			attributes = {
				BuildIndependentTargetsInParallel = 1;
				LastSwiftUpdateCheck = 1530;
				LastUpgradeCheck = 1530;
				TargetAttributes = {
					A7E7253E2C03CF51002FFDD4 = {
						CreatedOnToolsVersion = 15.3;
					};
				};
			};
			buildConfigurationList = A7E7253A2C03CF51002FFDD4 /* Build configuration list for PBXProject "HWlesson35" */;
			compatibilityVersion = "Xcode 14.0";
			developmentRegion = en;
			hasScannedForEncodings = 0;
			knownRegions = (
				en,
				Base,
			);
			mainGroup = A7E725362C03CF51002FFDD4;
			productRefGroup = A7E725402C03CF51002FFDD4 /* Products */;
			projectDirPath = "";
			projectRoot = "";
			targets = (
				A7E7253E2C03CF51002FFDD4 /* HWlesson35 */,
			);
		};
/* End PBXProject section */

/* Begin PBXResourcesBuildPhase section */
		A7E7253D2C03CF51002FFDD4 /* Resources */ = {
			isa = PBXResourcesBuildPhase;
			buildActionMask = 2147483647;
			files = (
				A7E7254C2C03CF52002FFDD4 /* Assets.xcassets in Resources */,
				A7E7254F2C03CF52002FFDD4 /* Base in Resources */,
				A7E7254A2C03CF51002FFDD4 /* Base in Resources */,
			);
			runOnlyForDeploymentPostprocessing = 0;
		};
/* End PBXResourcesBuildPhase section */

/* Begin PBXShellScriptBuildPhase section */
		1A83807630CF2E5A5810089C /* [CP] Check Pods Manifest.lock */ = {
			isa = PBXShellScriptBuildPhase;
			buildActionMask = 2147483647;
			files = (
			);
			inputFileListPaths = (
			);
			inputPaths = (
				"${PODS_PODFILE_DIR_PATH}/Podfile.lock",
				"${PODS_ROOT}/Manifest.lock",
			);
			name = "[CP] Check Pods Manifest.lock";
			outputFileListPaths = (
			);
			outputPaths = (
				"$(DERIVED_FILE_DIR)/Pods-HWlesson35-checkManifestLockResult.txt",
			);
			runOnlyForDeploymentPostprocessing = 0;
			shellPath = /bin/sh;
			shellScript = "diff \"${PODS_PODFILE_DIR_PATH}/Podfile.lock\" \"${PODS_ROOT}/Manifest.lock\" > /dev/null\nif [ $? != 0 ] ; then\n    # print error to STDERR\n    echo \"error: The sandbox is not in sync with the Podfile.lock. Run 'pod install' or update your CocoaPods installation.\" >&2\n    exit 1\nfi\n# This output is used by Xcode 'outputs' to avoid re-running this script phase.\necho \"SUCCESS\" > \"${SCRIPT_OUTPUT_FILE_0}\"\n";
			showEnvVarsInLog = 0;
		};
		BD28E159A2A489C95C14A1DA /* [CP] Embed Pods Frameworks */ = {
			isa = PBXShellScriptBuildPhase;
			buildActionMask = 2147483647;
			files = (
			);
			inputFileListPaths = (
				"${PODS_ROOT}/Target Support Files/Pods-HWlesson35/Pods-HWlesson35-frameworks-${CONFIGURATION}-input-files.xcfilelist",
			);
			name = "[CP] Embed Pods Frameworks";
			outputFileListPaths = (
				"${PODS_ROOT}/Target Support Files/Pods-HWlesson35/Pods-HWlesson35-frameworks-${CONFIGURATION}-output-files.xcfilelist",
			);
			runOnlyForDeploymentPostprocessing = 0;
			shellPath = /bin/sh;
			shellScript = "\"${PODS_ROOT}/Target Support Files/Pods-HWlesson35/Pods-HWlesson35-frameworks.sh\"\n";
			showEnvVarsInLog = 0;
		};
/* End PBXShellScriptBuildPhase section */

/* Begin PBXSourcesBuildPhase section */
		A7E7253B2C03CF51002FFDD4 /* Sources */ = {
			isa = PBXSourcesBuildPhase;
			buildActionMask = 2147483647;
			files = (
				A7E725472C03CF51002FFDD4 /* ViewController.swift in Sources */,
				A7E725432C03CF51002FFDD4 /* AppDelegate.swift in Sources */,
				A7E725592C03D2DC002FFDD4 /* ViewModel.swift in Sources */,
				A7E725452C03CF51002FFDD4 /* SceneDelegate.swift in Sources */,
			);
			runOnlyForDeploymentPostprocessing = 0;
		};
/* End PBXSourcesBuildPhase section */

/* Begin PBXVariantGroup section */
		A7E725482C03CF51002FFDD4 /* Main.storyboard */ = {
			isa = PBXVariantGroup;
			children = (
				A7E725492C03CF51002FFDD4 /* Base */,
			);
			name = Main.storyboard;
			sourceTree = "<group>";
		};
		A7E7254D2C03CF52002FFDD4 /* LaunchScreen.storyboard */ = {
			isa = PBXVariantGroup;
			children = (
				A7E7254E2C03CF52002FFDD4 /* Base */,
			);
			name = LaunchScreen.storyboard;
			sourceTree = "<group>";
		};
/* End PBXVariantGroup section */

/* Begin XCBuildConfiguration section */
		A7E725512C03CF52002FFDD4 /* Debug */ = {
			isa = XCBuildConfiguration;
			buildSettings = {
				ALWAYS_SEARCH_USER_PATHS = NO;
				ASSETCATALOG_COMPILER_GENERATE_SWIFT_ASSET_SYMBOL_EXTENSIONS = YES;
				CLANG_ANALYZER_NONNULL = YES;
				CLANG_ANALYZER_NUMBER_OBJECT_CONVERSION = YES_AGGRESSIVE;
				CLANG_CXX_LANGUAGE_STANDARD = "gnu++20";
				CLANG_ENABLE_MODULES = YES;
				CLANG_ENABLE_OBJC_ARC = YES;
				CLANG_ENABLE_OBJC_WEAK = YES;
				CLANG_WARN_BLOCK_CAPTURE_AUTORELEASING = YES;
				CLANG_WARN_BOOL_CONVERSION = YES;
				CLANG_WARN_COMMA = YES;
				CLANG_WARN_CONSTANT_CONVERSION = YES;
				CLANG_WARN_DEPRECATED_OBJC_IMPLEMENTATIONS = YES;
				CLANG_WARN_DIRECT_OBJC_ISA_USAGE = YES_ERROR;
				CLANG_WARN_DOCUMENTATION_COMMENTS = YES;
				CLANG_WARN_EMPTY_BODY = YES;
				CLANG_WARN_ENUM_CONVERSION = YES;
				CLANG_WARN_INFINITE_RECURSION = YES;
				CLANG_WARN_INT_CONVERSION = YES;
				CLANG_WARN_NON_LITERAL_NULL_CONVERSION = YES;
				CLANG_WARN_OBJC_IMPLICIT_RETAIN_SELF = YES;
				CLANG_WARN_OBJC_LITERAL_CONVERSION = YES;
				CLANG_WARN_OBJC_ROOT_CLASS = YES_ERROR;
				CLANG_WARN_QUOTED_INCLUDE_IN_FRAMEWORK_HEADER = YES;
				CLANG_WARN_RANGE_LOOP_ANALYSIS = YES;
				CLANG_WARN_STRICT_PROTOTYPES = YES;
				CLANG_WARN_SUSPICIOUS_MOVE = YES;
				CLANG_WARN_UNGUARDED_AVAILABILITY = YES_AGGRESSIVE;
				CLANG_WARN_UNREACHABLE_CODE = YES;
				CLANG_WARN__DUPLICATE_METHOD_MATCH = YES;
				COPY_PHASE_STRIP = NO;
				DEBUG_INFORMATION_FORMAT = dwarf;
				ENABLE_STRICT_OBJC_MSGSEND = YES;
				ENABLE_TESTABILITY = YES;
				ENABLE_USER_SCRIPT_SANDBOXING = NO;
				GCC_C_LANGUAGE_STANDARD = gnu17;
				GCC_DYNAMIC_NO_PIC = NO;
				GCC_NO_COMMON_BLOCKS = YES;
				GCC_OPTIMIZATION_LEVEL = 0;
				GCC_PREPROCESSOR_DEFINITIONS = (
					"DEBUG=1",
					"$(inherited)",
				);
				GCC_WARN_64_TO_32_BIT_CONVERSION = YES;
				GCC_WARN_ABOUT_RETURN_TYPE = YES_ERROR;
				GCC_WARN_UNDECLARED_SELECTOR = YES;
				GCC_WARN_UNINITIALIZED_AUTOS = YES_AGGRESSIVE;
				GCC_WARN_UNUSED_FUNCTION = YES;
				GCC_WARN_UNUSED_VARIABLE = YES;
				IPHONEOS_DEPLOYMENT_TARGET = 17.4;
				LOCALIZATION_PREFERS_STRING_CATALOGS = YES;
				MTL_ENABLE_DEBUG_INFO = INCLUDE_SOURCE;
				MTL_FAST_MATH = YES;
				ONLY_ACTIVE_ARCH = YES;
				SDKROOT = iphoneos;
				SWIFT_ACTIVE_COMPILATION_CONDITIONS = "DEBUG $(inherited)";
				SWIFT_OPTIMIZATION_LEVEL = "-Onone";
			};
			name = Debug;
		};
		A7E725522C03CF52002FFDD4 /* Release */ = {
			isa = XCBuildConfiguration;
			buildSettings = {
				ALWAYS_SEARCH_USER_PATHS = NO;
				ASSETCATALOG_COMPILER_GENERATE_SWIFT_ASSET_SYMBOL_EXTENSIONS = YES;
				CLANG_ANALYZER_NONNULL = YES;
				CLANG_ANALYZER_NUMBER_OBJECT_CONVERSION = YES_AGGRESSIVE;
				CLANG_CXX_LANGUAGE_STANDARD = "gnu++20";
				CLANG_ENABLE_MODULES = YES;
				CLANG_ENABLE_OBJC_ARC = YES;
				CLANG_ENABLE_OBJC_WEAK = YES;
				CLANG_WARN_BLOCK_CAPTURE_AUTORELEASING = YES;
				CLANG_WARN_BOOL_CONVERSION = YES;
				CLANG_WARN_COMMA = YES;
				CLANG_WARN_CONSTANT_CONVERSION = YES;
				CLANG_WARN_DEPRECATED_OBJC_IMPLEMENTATIONS = YES;
				CLANG_WARN_DIRECT_OBJC_ISA_USAGE = YES_ERROR;
				CLANG_WARN_DOCUMENTATION_COMMENTS = YES;
				CLANG_WARN_EMPTY_BODY = YES;
				CLANG_WARN_ENUM_CONVERSION = YES;
				CLANG_WARN_INFINITE_RECURSION = YES;
				CLANG_WARN_INT_CONVERSION = YES;
				CLANG_WARN_NON_LITERAL_NULL_CONVERSION = YES;
				CLANG_WARN_OBJC_IMPLICIT_RETAIN_SELF = YES;
				CLANG_WARN_OBJC_LITERAL_CONVERSION = YES;
				CLANG_WARN_OBJC_ROOT_CLASS = YES_ERROR;
				CLANG_WARN_QUOTED_INCLUDE_IN_FRAMEWORK_HEADER = YES;
				CLANG_WARN_RANGE_LOOP_ANALYSIS = YES;
				CLANG_WARN_STRICT_PROTOTYPES = YES;
				CLANG_WARN_SUSPICIOUS_MOVE = YES;
				CLANG_WARN_UNGUARDED_AVAILABILITY = YES_AGGRESSIVE;
				CLANG_WARN_UNREACHABLE_CODE = YES;
				CLANG_WARN__DUPLICATE_METHOD_MATCH = YES;
				COPY_PHASE_STRIP = NO;
				DEBUG_INFORMATION_FORMAT = "dwarf-with-dsym";
				ENABLE_NS_ASSERTIONS = NO;
				ENABLE_STRICT_OBJC_MSGSEND = YES;
				ENABLE_USER_SCRIPT_SANDBOXING = NO;
				GCC_C_LANGUAGE_STANDARD = gnu17;
				GCC_NO_COMMON_BLOCKS = YES;
				GCC_WARN_64_TO_32_BIT_CONVERSION = YES;
				GCC_WARN_ABOUT_RETURN_TYPE = YES_ERROR;
				GCC_WARN_UNDECLARED_SELECTOR = YES;
				GCC_WARN_UNINITIALIZED_AUTOS = YES_AGGRESSIVE;
				GCC_WARN_UNUSED_FUNCTION = YES;
				GCC_WARN_UNUSED_VARIABLE = YES;
				IPHONEOS_DEPLOYMENT_TARGET = 17.4;
				LOCALIZATION_PREFERS_STRING_CATALOGS = YES;
				MTL_ENABLE_DEBUG_INFO = NO;
				MTL_FAST_MATH = YES;
				SDKROOT = iphoneos;
				SWIFT_COMPILATION_MODE = wholemodule;
				VALIDATE_PRODUCT = YES;
			};
			name = Release;
		};
		A7E725542C03CF52002FFDD4 /* Debug */ = {
			isa = XCBuildConfiguration;
			baseConfigurationReference = 2C9016372941FCB2689DB6A1 /* Pods-HWlesson35.debug.xcconfig */;
			buildSettings = {
				ASSETCATALOG_COMPILER_APPICON_NAME = AppIcon;
				ASSETCATALOG_COMPILER_GLOBAL_ACCENT_COLOR_NAME = AccentColor;
				CODE_SIGN_STYLE = Automatic;
				CURRENT_PROJECT_VERSION = 1;
				GENERATE_INFOPLIST_FILE = YES;
				INFOPLIST_FILE = HWlesson35/Info.plist;
				INFOPLIST_KEY_UIApplicationSupportsIndirectInputEvents = YES;
				INFOPLIST_KEY_UILaunchStoryboardName = LaunchScreen;
				INFOPLIST_KEY_UIMainStoryboardFile = Main;
				INFOPLIST_KEY_UISupportedInterfaceOrientations_iPad = "UIInterfaceOrientationPortrait UIInterfaceOrientationPortraitUpsideDown UIInterfaceOrientationLandscapeLeft UIInterfaceOrientationLandscapeRight";
				INFOPLIST_KEY_UISupportedInterfaceOrientations_iPhone = "UIInterfaceOrientationPortrait UIInterfaceOrientationLandscapeLeft UIInterfaceOrientationLandscapeRight";
				LD_RUNPATH_SEARCH_PATHS = (
					"$(inherited)",
					"@executable_path/Frameworks",
				);
				MARKETING_VERSION = 1.0;
				PRODUCT_BUNDLE_IDENTIFIER = TMS.HWlesson35;
				PRODUCT_NAME = "$(TARGET_NAME)";
				SWIFT_EMIT_LOC_STRINGS = YES;
				SWIFT_VERSION = 5.0;
				TARGETED_DEVICE_FAMILY = "1,2";
			};
			name = Debug;
		};
		A7E725552C03CF52002FFDD4 /* Release */ = {
			isa = XCBuildConfiguration;
			baseConfigurationReference = B02F0369F988C203DC119336 /* Pods-HWlesson35.release.xcconfig */;
			buildSettings = {
				ASSETCATALOG_COMPILER_APPICON_NAME = AppIcon;
				ASSETCATALOG_COMPILER_GLOBAL_ACCENT_COLOR_NAME = AccentColor;
				CODE_SIGN_STYLE = Automatic;
				CURRENT_PROJECT_VERSION = 1;
				GENERATE_INFOPLIST_FILE = YES;
				INFOPLIST_FILE = HWlesson35/Info.plist;
				INFOPLIST_KEY_UIApplicationSupportsIndirectInputEvents = YES;
				INFOPLIST_KEY_UILaunchStoryboardName = LaunchScreen;
				INFOPLIST_KEY_UIMainStoryboardFile = Main;
				INFOPLIST_KEY_UISupportedInterfaceOrientations_iPad = "UIInterfaceOrientationPortrait UIInterfaceOrientationPortraitUpsideDown UIInterfaceOrientationLandscapeLeft UIInterfaceOrientationLandscapeRight";
				INFOPLIST_KEY_UISupportedInterfaceOrientations_iPhone = "UIInterfaceOrientationPortrait UIInterfaceOrientationLandscapeLeft UIInterfaceOrientationLandscapeRight";
				LD_RUNPATH_SEARCH_PATHS = (
					"$(inherited)",
					"@executable_path/Frameworks",
				);
				MARKETING_VERSION = 1.0;
				PRODUCT_BUNDLE_IDENTIFIER = TMS.HWlesson35;
				PRODUCT_NAME = "$(TARGET_NAME)";
				SWIFT_EMIT_LOC_STRINGS = YES;
				SWIFT_VERSION = 5.0;
				TARGETED_DEVICE_FAMILY = "1,2";
			};
			name = Release;
		};
/* End XCBuildConfiguration section */

/* Begin XCConfigurationList section */
		A7E7253A2C03CF51002FFDD4 /* Build configuration list for PBXProject "HWlesson35" */ = {
			isa = XCConfigurationList;
			buildConfigurations = (
				A7E725512C03CF52002FFDD4 /* Debug */,
				A7E725522C03CF52002FFDD4 /* Release */,
			);
			defaultConfigurationIsVisible = 0;
			defaultConfigurationName = Release;
		};
		A7E725532C03CF52002FFDD4 /* Build configuration list for PBXNativeTarget "HWlesson35" */ = {
			isa = XCConfigurationList;
			buildConfigurations = (
				A7E725542C03CF52002FFDD4 /* Debug */,
				A7E725552C03CF52002FFDD4 /* Release */,
			);
			defaultConfigurationIsVisible = 0;
			defaultConfigurationName = Release;
		};
/* End XCConfigurationList section */
	};
	rootObject = A7E725372C03CF51002FFDD4 /* Project object */;
}
